
Microsoft Visual Studio Solution File, Format Version 12.00
# Visual Studio Version 17
VisualStudioVersion = 17.11.35303.130
MinimumVisualStudioVersion = 10.0.40219.1
Project("{2150E333-8FDC-42A3-9474-1A3956D46DE8}") = "Task0", "Task0", "{C8AE1663-6793-4BE0-B05C-38F87C986300}"
EndProject
Project("{FAE04EC0-301F-11D3-BF4B-00C04F79EFBC}") = "Tyuiu.GrabinaSA.Sprint1.Task0.V30", "Tyuiu.GrabinaSA.Sprint1.Task0.V30\Tyuiu.GrabinaSA.Sprint1.Task0.V30.csproj", "{6BF02B04-AF15-411B-A885-DD8298A98EE7}"
EndProject
Project("{FAE04EC0-301F-11D3-BF4B-00C04F79EFBC}") = "Tyuiu.GrabinaSA.Sprint1.Task0.V30.Lib", "Tyuiu.GrabinaSA.Sprint1.Task0.V30.Lib\Tyuiu.GrabinaSA.Sprint1.Task0.V30.Lib.csproj", "{5F3D2949-67F8-4CB9-8338-87679D9F88AF}"
EndProject
Project("{FAE04EC0-301F-11D3-BF4B-00C04F79EFBC}") = "Tyuiu.GrabinaSA.Sprint1.Task0.V30.Test", "Tyuiu.GrabinaSA.Sprint1.Task0.V30.Test\Tyuiu.GrabinaSA.Sprint1.Task0.V30.Test.csproj", "{14BF73F5-0DAF-447F-8D21-CA37EA45D15E}"
EndProject
Project("{2150E333-8FDC-42A3-9474-1A3956D46DE8}") = "Task1", "Task1", "{B3D0536D-84B8-4B38-9ECC-0E819CE0A772}"
EndProject
Project("{FAE04EC0-301F-11D3-BF4B-00C04F79EFBC}") = "Tyuiu.GrabinaSA.Sprint1.Task1.V28", "Tyuiu.GrabinaSA.Sprint1.Task1.V28\Tyuiu.GrabinaSA.Sprint1.Task1.V28.csproj", "{83EFF8E4-FDD5-4571-9CF8-F94F236CA6EA}"
EndProject
Project("{FAE04EC0-301F-11D3-BF4B-00C04F79EFBC}") = "Tyuiu.GrabinaSA.Sprint1.Task1.V28.Lib", "Tyuiu.GrabinaSA.Sprint1.Task1.V28.Lib\Tyuiu.GrabinaSA.Sprint1.Task1.V28.Lib.csproj", "{1B139102-458A-4E78-9B75-C6FA677458CE}"
EndProject
Project("{FAE04EC0-301F-11D3-BF4B-00C04F79EFBC}") = "Tyuiu.GrabinaSA.Sprint1.Task1.V28.Test", "Tyuiu.GrabinaSA.Sprint1.Task1.V28.Test\Tyuiu.GrabinaSA.Sprint1.Task1.V28.Test.csproj", "{2D983107-AB90-4CE4-8CBE-4F74DD289938}"
EndProject
Project("{2150E333-8FDC-42A3-9474-1A3956D46DE8}") = "Task2", "Task2", "{D96192EB-A1B5-4192-A423-581972198370}"
EndProject
Project("{FAE04EC0-301F-11D3-BF4B-00C04F79EFBC}") = "Tyuiu.GrabinaSA.Sprint1.Task2.V3", "Tyuiu.GrabinaSA.Sprint1.Task2.V3\Tyuiu.GrabinaSA.Sprint1.Task2.V3.csproj", "{FA9D8D92-7167-4475-A9DF-66C2131308FF}"
EndProject
Project("{FAE04EC0-301F-11D3-BF4B-00C04F79EFBC}") = "Tyuiu.GrabinaSA.Sprint1.Task2.V3.Lib", "Tyuiu.GrabinaSA.Sprint1.Task2.V3.Lib\Tyuiu.GrabinaSA.Sprint1.Task2.V3.Lib.csproj", "{4BA94F40-7A6D-4C19-AF7D-58B1846CA79F}"
EndProject
Project("{FAE04EC0-301F-11D3-BF4B-00C04F79EFBC}") = "Tyuiu.GrabinaSA.Sprint1.Task2.V3.Test", "Tyuiu.GrabinaSA.Sprint1.Task2.V3.Test\Tyuiu.GrabinaSA.Sprint1.Task2.V3.Test.csproj", "{3618844C-3342-4CB4-A2DB-C3BE7CDE5181}"
EndProject
Global
	GlobalSection(SolutionConfigurationPlatforms) = preSolution
		Debug|Any CPU = Debug|Any CPU
		Release|Any CPU = Release|Any CPU
	EndGlobalSection
	GlobalSection(ProjectConfigurationPlatforms) = postSolution
		{6BF02B04-AF15-411B-A885-DD8298A98EE7}.Debug|Any CPU.ActiveCfg = Debug|Any CPU
		{6BF02B04-AF15-411B-A885-DD8298A98EE7}.Debug|Any CPU.Build.0 = Debug|Any CPU
		{6BF02B04-AF15-411B-A885-DD8298A98EE7}.Release|Any CPU.ActiveCfg = Release|Any CPU
		{6BF02B04-AF15-411B-A885-DD8298A98EE7}.Release|Any CPU.Build.0 = Release|Any CPU
		{5F3D2949-67F8-4CB9-8338-87679D9F88AF}.Debug|Any CPU.ActiveCfg = Debug|Any CPU
		{5F3D2949-67F8-4CB9-8338-87679D9F88AF}.Debug|Any CPU.Build.0 = Debug|Any CPU
		{5F3D2949-67F8-4CB9-8338-87679D9F88AF}.Release|Any CPU.ActiveCfg = Release|Any CPU
		{5F3D2949-67F8-4CB9-8338-87679D9F88AF}.Release|Any CPU.Build.0 = Release|Any CPU
		{14BF73F5-0DAF-447F-8D21-CA37EA45D15E}.Debug|Any CPU.ActiveCfg = Debug|Any CPU
		{14BF73F5-0DAF-447F-8D21-CA37EA45D15E}.Debug|Any CPU.Build.0 = Debug|Any CPU
		{14BF73F5-0DAF-447F-8D21-CA37EA45D15E}.Release|Any CPU.ActiveCfg = Release|Any CPU
		{14BF73F5-0DAF-447F-8D21-CA37EA45D15E}.Release|Any CPU.Build.0 = Release|Any CPU
		{83EFF8E4-FDD5-4571-9CF8-F94F236CA6EA}.Debug|Any CPU.ActiveCfg = Debug|Any CPU
		{83EFF8E4-FDD5-4571-9CF8-F94F236CA6EA}.Debug|Any CPU.Build.0 = Debug|Any CPU
		{83EFF8E4-FDD5-4571-9CF8-F94F236CA6EA}.Release|Any CPU.ActiveCfg = Release|Any CPU
		{83EFF8E4-FDD5-4571-9CF8-F94F236CA6EA}.Release|Any CPU.Build.0 = Release|Any CPU
		{1B139102-458A-4E78-9B75-C6FA677458CE}.Debug|Any CPU.ActiveCfg = Debug|Any CPU
		{1B139102-458A-4E78-9B75-C6FA677458CE}.Debug|Any CPU.Build.0 = Debug|Any CPU
		{1B139102-458A-4E78-9B75-C6FA677458CE}.Release|Any CPU.ActiveCfg = Release|Any CPU
		{1B139102-458A-4E78-9B75-C6FA677458CE}.Release|Any CPU.Build.0 = Release|Any CPU
		{2D983107-AB90-4CE4-8CBE-4F74DD289938}.Debug|Any CPU.ActiveCfg = Debug|Any CPU
		{2D983107-AB90-4CE4-8CBE-4F74DD289938}.Debug|Any CPU.Build.0 = Debug|Any CPU
		{2D983107-AB90-4CE4-8CBE-4F74DD289938}.Release|Any CPU.ActiveCfg = Release|Any CPU
		{2D983107-AB90-4CE4-8CBE-4F74DD289938}.Release|Any CPU.Build.0 = Release|Any CPU
		{FA9D8D92-7167-4475-A9DF-66C2131308FF}.Debug|Any CPU.ActiveCfg = Debug|Any CPU
		{FA9D8D92-7167-4475-A9DF-66C2131308FF}.Debug|Any CPU.Build.0 = Debug|Any CPU
		{FA9D8D92-7167-4475-A9DF-66C2131308FF}.Release|Any CPU.ActiveCfg = Release|Any CPU
		{FA9D8D92-7167-4475-A9DF-66C2131308FF}.Release|Any CPU.Build.0 = Release|Any CPU
		{4BA94F40-7A6D-4C19-AF7D-58B1846CA79F}.Debug|Any CPU.ActiveCfg = Debug|Any CPU
		{4BA94F40-7A6D-4C19-AF7D-58B1846CA79F}.Debug|Any CPU.Build.0 = Debug|Any CPU
		{4BA94F40-7A6D-4C19-AF7D-58B1846CA79F}.Release|Any CPU.ActiveCfg = Release|Any CPU
		{4BA94F40-7A6D-4C19-AF7D-58B1846CA79F}.Release|Any CPU.Build.0 = Release|Any CPU
		{3618844C-3342-4CB4-A2DB-C3BE7CDE5181}.Debug|Any CPU.ActiveCfg = Debug|Any CPU
		{3618844C-3342-4CB4-A2DB-C3BE7CDE5181}.Debug|Any CPU.Build.0 = Debug|Any CPU
		{3618844C-3342-4CB4-A2DB-C3BE7CDE5181}.Release|Any CPU.ActiveCfg = Release|Any CPU
		{3618844C-3342-4CB4-A2DB-C3BE7CDE5181}.Release|Any CPU.Build.0 = Release|Any CPU
	EndGlobalSection
	GlobalSection(SolutionProperties) = preSolution
		HideSolutionNode = FALSE
	EndGlobalSection
	GlobalSection(NestedProjects) = preSolution
		{6BF02B04-AF15-411B-A885-DD8298A98EE7} = {C8AE1663-6793-4BE0-B05C-38F87C986300}
		{5F3D2949-67F8-4CB9-8338-87679D9F88AF} = {C8AE1663-6793-4BE0-B05C-38F87C986300}
		{14BF73F5-0DAF-447F-8D21-CA37EA45D15E} = {C8AE1663-6793-4BE0-B05C-38F87C986300}
		{83EFF8E4-FDD5-4571-9CF8-F94F236CA6EA} = {B3D0536D-84B8-4B38-9ECC-0E819CE0A772}
		{1B139102-458A-4E78-9B75-C6FA677458CE} = {B3D0536D-84B8-4B38-9ECC-0E819CE0A772}
		{2D983107-AB90-4CE4-8CBE-4F74DD289938} = {B3D0536D-84B8-4B38-9ECC-0E819CE0A772}
		{FA9D8D92-7167-4475-A9DF-66C2131308FF} = {D96192EB-A1B5-4192-A423-581972198370}
		{4BA94F40-7A6D-4C19-AF7D-58B1846CA79F} = {D96192EB-A1B5-4192-A423-581972198370}
		{3618844C-3342-4CB4-A2DB-C3BE7CDE5181} = {D96192EB-A1B5-4192-A423-581972198370}
	EndGlobalSection
	GlobalSection(ExtensibilityGlobals) = postSolution
		SolutionGuid = {31E272D1-489A-452B-B5EA-7F998B78996C}
	EndGlobalSection
EndGlobal
