
Microsoft Visual Studio Solution File, Format Version 12.00
# Visual Studio Version 17
VisualStudioVersion = 17.11.35303.130
MinimumVisualStudioVersion = 10.0.40219.1
Project("{2150E333-8FDC-42A3-9474-1A3956D46DE8}") = "Task0", "Task0", "{C8AE1663-6793-4BE0-B05C-38F87C986300}"
EndProject
Project("{FAE04EC0-301F-11D3-BF4B-00C04F79EFBC}") = "Tyuiu.GrabinaSA.Sprint1.Task0.V30", "Tyuiu.GrabinaSA.Sprint1.Task0.V30\Tyuiu.GrabinaSA.Sprint1.Task0.V30.csproj", "{6BF02B04-AF15-411B-A885-DD8298A98EE7}"
EndProject
Project("{FAE04EC0-301F-11D3-BF4B-00C04F79EFBC}") = "Tyuiu.GrabinaSA.Sprint1.Task0.V30.Lib", "Tyuiu.GrabinaSA.Sprint1.Task0.V30.Lib\Tyuiu.GrabinaSA.Sprint1.Task0.V30.Lib.csproj", "{5F3D2949-67F8-4CB9-8338-87679D9F88AF}"
EndProject
Project("{FAE04EC0-301F-11D3-BF4B-00C04F79EFBC}") = "Tyuiu.GrabinaSA.Sprint1.Task0.V30.Test", "Tyuiu.GrabinaSA.Sprint1.Task0.V30.Test\Tyuiu.GrabinaSA.Sprint1.Task0.V30.Test.csproj", "{14BF73F5-0DAF-447F-8D21-CA37EA45D15E}"
EndProject
Project("{2150E333-8FDC-42A3-9474-1A3956D46DE8}") = "Task1", "Task1", "{B3D0536D-84B8-4B38-9ECC-0E819CE0A772}"
EndProject
Project("{FAE04EC0-301F-11D3-BF4B-00C04F79EFBC}") = "Tyuiu.GrabinaSA.Sprint1.Task1.V28", "Tyuiu.GrabinaSA.Sprint1.Task1.V30\Tyuiu.GrabinaSA.Sprint1.Task1.V28.csproj", "{19BEDA0D-9A9B-45A4-9464-117DEE39CA79}"
EndProject
Project("{FAE04EC0-301F-11D3-BF4B-00C04F79EFBC}") = "Tyuiu.GrabinaSA.Sprint1.Task1.V28.Lib", "Tyuiu.GrabinaSA.Sprint1.Task1.V30.Lib\Tyuiu.GrabinaSA.Sprint1.Task1.V28.Lib.csproj", "{F060A1D2-F158-4419-AF9A-E05924DE3CA3}"
EndProject
Project("{FAE04EC0-301F-11D3-BF4B-00C04F79EFBC}") = "Tyuiu.GrabinaSA.Sprint1.Task1.V28.Test", "Tyuiu.GrabinaSA.Sprint1.Task1.V30.Test\Tyuiu.GrabinaSA.Sprint1.Task1.V28.Test.csproj", "{A3BF60DC-1373-4FB8-8332-B07ECCFD53B9}"
EndProject
Global
	GlobalSection(SolutionConfigurationPlatforms) = preSolution
		Debug|Any CPU = Debug|Any CPU
		Release|Any CPU = Release|Any CPU
	EndGlobalSection
	GlobalSection(ProjectConfigurationPlatforms) = postSolution
		{6BF02B04-AF15-411B-A885-DD8298A98EE7}.Debug|Any CPU.ActiveCfg = Debug|Any CPU
		{6BF02B04-AF15-411B-A885-DD8298A98EE7}.Debug|Any CPU.Build.0 = Debug|Any CPU
		{6BF02B04-AF15-411B-A885-DD8298A98EE7}.Release|Any CPU.ActiveCfg = Release|Any CPU
		{6BF02B04-AF15-411B-A885-DD8298A98EE7}.Release|Any CPU.Build.0 = Release|Any CPU
		{5F3D2949-67F8-4CB9-8338-87679D9F88AF}.Debug|Any CPU.ActiveCfg = Debug|Any CPU
		{5F3D2949-67F8-4CB9-8338-87679D9F88AF}.Debug|Any CPU.Build.0 = Debug|Any CPU
		{5F3D2949-67F8-4CB9-8338-87679D9F88AF}.Release|Any CPU.ActiveCfg = Release|Any CPU
		{5F3D2949-67F8-4CB9-8338-87679D9F88AF}.Release|Any CPU.Build.0 = Release|Any CPU
		{14BF73F5-0DAF-447F-8D21-CA37EA45D15E}.Debug|Any CPU.ActiveCfg = Debug|Any CPU
		{14BF73F5-0DAF-447F-8D21-CA37EA45D15E}.Debug|Any CPU.Build.0 = Debug|Any CPU
		{14BF73F5-0DAF-447F-8D21-CA37EA45D15E}.Release|Any CPU.ActiveCfg = Release|Any CPU
		{14BF73F5-0DAF-447F-8D21-CA37EA45D15E}.Release|Any CPU.Build.0 = Release|Any CPU
		{19BEDA0D-9A9B-45A4-9464-117DEE39CA79}.Debug|Any CPU.ActiveCfg = Debug|Any CPU
		{19BEDA0D-9A9B-45A4-9464-117DEE39CA79}.Debug|Any CPU.Build.0 = Debug|Any CPU
		{19BEDA0D-9A9B-45A4-9464-117DEE39CA79}.Release|Any CPU.ActiveCfg = Release|Any CPU
		{19BEDA0D-9A9B-45A4-9464-117DEE39CA79}.Release|Any CPU.Build.0 = Release|Any CPU
		{F060A1D2-F158-4419-AF9A-E05924DE3CA3}.Debug|Any CPU.ActiveCfg = Debug|Any CPU
		{F060A1D2-F158-4419-AF9A-E05924DE3CA3}.Debug|Any CPU.Build.0 = Debug|Any CPU
		{F060A1D2-F158-4419-AF9A-E05924DE3CA3}.Release|Any CPU.ActiveCfg = Release|Any CPU
		{F060A1D2-F158-4419-AF9A-E05924DE3CA3}.Release|Any CPU.Build.0 = Release|Any CPU
		{A3BF60DC-1373-4FB8-8332-B07ECCFD53B9}.Debug|Any CPU.ActiveCfg = Debug|Any CPU
		{A3BF60DC-1373-4FB8-8332-B07ECCFD53B9}.Debug|Any CPU.Build.0 = Debug|Any CPU
		{A3BF60DC-1373-4FB8-8332-B07ECCFD53B9}.Release|Any CPU.ActiveCfg = Release|Any CPU
		{A3BF60DC-1373-4FB8-8332-B07ECCFD53B9}.Release|Any CPU.Build.0 = Release|Any CPU
	EndGlobalSection
	GlobalSection(SolutionProperties) = preSolution
		HideSolutionNode = FALSE
	EndGlobalSection
	GlobalSection(NestedProjects) = preSolution
		{6BF02B04-AF15-411B-A885-DD8298A98EE7} = {C8AE1663-6793-4BE0-B05C-38F87C986300}
		{5F3D2949-67F8-4CB9-8338-87679D9F88AF} = {C8AE1663-6793-4BE0-B05C-38F87C986300}
		{14BF73F5-0DAF-447F-8D21-CA37EA45D15E} = {C8AE1663-6793-4BE0-B05C-38F87C986300}
		{19BEDA0D-9A9B-45A4-9464-117DEE39CA79} = {B3D0536D-84B8-4B38-9ECC-0E819CE0A772}
		{F060A1D2-F158-4419-AF9A-E05924DE3CA3} = {B3D0536D-84B8-4B38-9ECC-0E819CE0A772}
		{A3BF60DC-1373-4FB8-8332-B07ECCFD53B9} = {B3D0536D-84B8-4B38-9ECC-0E819CE0A772}
	EndGlobalSection
	GlobalSection(ExtensibilityGlobals) = postSolution
		SolutionGuid = {31E272D1-489A-452B-B5EA-7F998B78996C}
	EndGlobalSection
EndGlobal
